// !$*UTF8*$!
{
	archiveVersion = 1;
	classes = {
	};
	objectVersion = 77;
	objects = {

/* Begin PBXBuildFile section */
		A0C47B822FF5BBCA00FCBFE3 /* AppIcon.icon in Resources */ = {isa = PBXBuildFile; fileRef = A0C47B812FF5BBCA00FCBFE3 /* AppIcon.icon */; };
/* End PBXBuildFile section */

/* Begin PBXContainerItemProxy section */
		A054B0D22FF406F60010B682 /* PBXContainerItemProxy */ = {
			isa = PBXContainerItemProxy;
			containerPortal = A054B0BA2FF406F50010B682 /* Project object */;
			proxyType = 1;
			remoteGlobalIDString = A054B0C12FF406F50010B682;
			remoteInfo = MyaeEditor;
		};
		A054B0DC2FF406F60010B682 /* PBXContainerItemProxy */ = {
			isa = PBXContainerItemProxy;
			containerPortal = A054B0BA2FF406F50010B682 /* Project object */;
			proxyType = 1;
			remoteGlobalIDString = A054B0C12FF406F50010B682;
			remoteInfo = MyaeEditor;
		};
/* End PBXContainerItemProxy section */

/* Begin PBXFileReference section */
		A054B0C22FF406F50010B682 /* MyaeEditor.app */ = {isa = PBXFileReference; explicitFileType = wrapper.application; includeInIndex = 0; path = MyaeEditor.app; sourceTree = BUILT_PRODUCTS_DIR; };
		A054B0D12FF406F60010B682 /* MyaeEditorTests.xctest */ = {isa = PBXFileReference; explicitFileType = wrapper.cfbundle; includeInIndex = 0; path = MyaeEditorTests.xctest; sourceTree = BUILT_PRODUCTS_DIR; };
		A054B0DB2FF406F60010B682 /* MyaeEditorUITests.xctest */ = {isa = PBXFileReference; explicitFileType = wrapper.cfbundle; includeInIndex = 0; path = MyaeEditorUITests.xctest; sourceTree = BUILT_PRODUCTS_DIR; };
		A0C47B812FF5BBCA00FCBFE3 /* AppIcon.icon */ = {isa = PBXFileReference; lastKnownFileType = folder.iconcomposer.icon; path = AppIcon.icon; sourceTree = "<group>"; };
/* End PBXFileReference section */

/* Begin PBXFileSystemSynchronizedRootGroup section */
		A054B0C42FF406F50010B682 /* MyaeEditor */ = {
			isa = PBXFileSystemSynchronizedRootGroup;
			path = MyaeEditor;
			sourceTree = "<group>";
		};
		A054B0D42FF406F60010B682 /* MyaeEditorTests */ = {
			isa = PBXFileSystemSynchronizedRootGroup;
			path = MyaeEditorTests;
			sourceTree = "<group>";
		};
		A054B0DE2FF406F60010B682 /* MyaeEditorUITests */ = {
			isa = PBXFileSystemSynchronizedRootGroup;
			path = MyaeEditorUITests;
			sourceTree = "<group>";
		};
/* End PBXFileSystemSynchronizedRootGroup section */

/* Begin PBXFrameworksBuildPhase section */
		A054B0BF2FF406F50010B682 /* Frameworks */ = {
			isa = PBXFrameworksBuildPhase;
			buildActionMask = 2147483647;
			files = (
			);
			runOnlyForDeploymentPostprocessing = 0;
		};
		A054B0CE2FF406F60010B682 /* Frameworks */ = {
			isa = PBXFrameworksBuildPhase;
			buildActionMask = 2147483647;
			files = (
			);
			runOnlyForDeploymentPostprocessing = 0;
		};
		A054B0D82FF406F60010B682 /* Frameworks */ = {
			isa = PBXFrameworksBuildPhase;
			buildActionMask = 2147483647;
			files = (
			);
			runOnlyForDeploymentPostprocessing = 0;
		};
/* End PBXFrameworksBuildPhase section */

/* Begin PBXGroup section */
		A054B0B92FF406F50010B682 = {
			isa = PBXGroup;
			children = (
				A054B0C42FF406F50010B682 /* MyaeEditor */,
				A054B0D42FF406F60010B682 /* MyaeEditorTests */,
				A054B0DE2FF406F60010B682 /* MyaeEditorUITests */,
				A054B0C32FF406F50010B682 /* Products */,
				A0C47B812FF5BBCA00FCBFE3 /* AppIcon.icon */,
			);
			sourceTree = "<group>";
		};
		A054B0C32FF406F50010B682 /* Products */ = {
			isa = PBXGroup;
			children = (
				A054B0C22FF406F50010B682 /* MyaeEditor.app */,
				A054B0D12FF406F60010B682 /* MyaeEditorTests.xctest */,
				A054B0DB2FF406F60010B682 /* MyaeEditorUITests.xctest */,
			);
			name = Products;
			sourceTree = "<group>";
		};
/* End PBXGroup section */

/* Begin PBXNativeTarget section */
		A054B0C12FF406F50010B682 /* MyaeEditor */ = {
			isa = PBXNativeTarget;
			buildConfigurationList = A054B0E52FF406F60010B682 /* Build configuration list for PBXNativeTarget "MyaeEditor" */;
			buildPhases = (
				A054B0BE2FF406F50010B682 /* Sources */,
				A054B0BF2FF406F50010B682 /* Frameworks */,
				A054B0C02FF406F50010B682 /* Resources */,
			);
			buildRules = (
			);
			dependencies = (
			);
			fileSystemSynchronizedGroups = (
				A054B0C42FF406F50010B682 /* MyaeEditor */,
			);
			name = MyaeEditor;
			packageProductDependencies = (
			);
			productName = MyaeEditor;
			productReference = A054B0C22FF406F50010B682 /* MyaeEditor.app */;
			productType = "com.apple.product-type.application";
		};
		A054B0D02FF406F60010B682 /* MyaeEditorTests */ = {
			isa = PBXNativeTarget;
			buildConfigurationList = A054B0E82FF406F60010B682 /* Build configuration list for PBXNativeTarget "MyaeEditorTests" */;
			buildPhases = (
				A054B0CD2FF406F60010B682 /* Sources */,
				A054B0CE2FF406F60010B682 /* Frameworks */,
				A054B0CF2FF406F60010B682 /* Resources */,
			);
			buildRules = (
			);
			dependencies = (
				A054B0D32FF406F60010B682 /* PBXTargetDependency */,
			);
			fileSystemSynchronizedGroups = (
				A054B0D42FF406F60010B682 /* MyaeEditorTests */,
			);
			name = MyaeEditorTests;
			packageProductDependencies = (
			);
			productName = MyaeEditorTests;
			productReference = A054B0D12FF406F60010B682 /* MyaeEditorTests.xctest */;
			productType = "com.apple.product-type.bundle.unit-test";
		};
		A054B0DA2FF406F60010B682 /* MyaeEditorUITests */ = {
			isa = PBXNativeTarget;
			buildConfigurationList = A054B0EB2FF406F60010B682 /* Build configuration list for PBXNativeTarget "MyaeEditorUITests" */;
			buildPhases = (
				A054B0D72FF406F60010B682 /* Sources */,
				A054B0D82FF406F60010B682 /* Frameworks */,
				A054B0D92FF406F60010B682 /* Resources */,
			);
			buildRules = (
			);
			dependencies = (
				A054B0DD2FF406F60010B682 /* PBXTargetDependency */,
			);
			fileSystemSynchronizedGroups = (
				A054B0DE2FF406F60010B682 /* MyaeEditorUITests */,
			);
			name = MyaeEditorUITests;
			packageProductDependencies = (
			);
			productName = MyaeEditorUITests;
			productReference = A054B0DB2FF406F60010B682 /* MyaeEditorUITests.xctest */;
			productType = "com.apple.product-type.bundle.ui-testing";
		};
/* End PBXNativeTarget section */

/* Begin PBXProject section */
		A054B0BA2FF406F50010B682 /* Project object */ = {
			isa = PBXProject;
			attributes = {
				BuildIndependentTargetsInParallel = 1;
				LastSwiftUpdateCheck = 2650;
				LastUpgradeCheck = 2650;
				TargetAttributes = {
					A054B0C12FF406F50010B682 = {
						CreatedOnToolsVersion = 26.5;
					};
					A054B0D02FF406F60010B682 = {
						CreatedOnToolsVersion = 26.5;
						TestTargetID = A054B0C12FF406F50010B682;
					};
					A054B0DA2FF406F60010B682 = {
						CreatedOnToolsVersion = 26.5;
						TestTargetID = A054B0C12FF406F50010B682;
					};
				};
			};
			buildConfigurationList = A054B0BD2FF406F50010B682 /* Build configuration list for PBXProject "MyaeEditor" */;
			developmentRegion = en;
			hasScannedForEncodings = 0;
			knownRegions = (
				en,
				Base,
			);
			mainGroup = A054B0B92FF406F50010B682;
			minimizedProjectReferenceProxies = 1;
			preferredProjectObjectVersion = 77;
			productRefGroup = A054B0C32FF406F50010B682 /* Products */;
			projectDirPath = "";
			projectRoot = "";
			targets = (
				A054B0C12FF406F50010B682 /* MyaeEditor */,
				A054B0D02FF406F60010B682 /* MyaeEditorTests */,
				A054B0DA2FF406F60010B682 /* MyaeEditorUITests */,
			);
		};
/* End PBXProject section */

/* Begin PBXResourcesBuildPhase section */
		A054B0C02FF406F50010B682 /* Resources */ = {
			isa = PBXResourcesBuildPhase;
			buildActionMask = 2147483647;
			files = (
				A0C47B822FF5BBCA00FCBFE3 /* AppIcon.icon in Resources */,
			);
			runOnlyForDeploymentPostprocessing = 0;
		};
		A054B0CF2FF406F60010B682 /* Resources */ = {
			isa = PBXResourcesBuildPhase;
			buildActionMask = 2147483647;
			files = (
			);
			runOnlyForDeploymentPostprocessing = 0;
		};
		A054B0D92FF406F60010B682 /* Resources */ = {
			isa = PBXResourcesBuildPhase;
			buildActionMask = 2147483647;
			files = (
			);
			runOnlyForDeploymentPostprocessing = 0;
		};
/* End PBXResourcesBuildPhase section */

/* Begin PBXSourcesBuildPhase section */
		A054B0BE2FF406F50010B682 /* Sources */ = {
			isa = PBXSourcesBuildPhase;
			buildActionMask = 2147483647;
			files = (
			);
			runOnlyForDeploymentPostprocessing = 0;
		};
		A054B0CD2FF406F60010B682 /* Sources */ = {
			isa = PBXSourcesBuildPhase;
			buildActionMask = 2147483647;
			files = (
			);
			runOnlyForDeploymentPostprocessing = 0;
		};
		A054B0D72FF406F60010B682 /* Sources */ = {
			isa = PBXSourcesBuildPhase;
			buildActionMask = 2147483647;
			files = (
			);
			runOnlyForDeploymentPostprocessing = 0;
		};
/* End PBXSourcesBuildPhase section */

/* Begin PBXTargetDependency section */
		A054B0D32FF406F60010B682 /* PBXTargetDependency */ = {
			isa = PBXTargetDependency;
			target = A054B0C12FF406F50010B682 /* MyaeEditor */;
			targetProxy = A054B0D22FF406F60010B682 /* PBXContainerItemProxy */;
		};
		A054B0DD2FF406F60010B682 /* PBXTargetDependency */ = {
			isa = PBXTargetDependency;
			target = A054B0C12FF406F50010B682 /* MyaeEditor */;
			targetProxy = A054B0DC2FF406F60010B682 /* PBXContainerItemProxy */;
		};
/* End PBXTargetDependency section */

/* Begin XCBuildConfiguration section */
		A054B0E32FF406F60010B682 /* Debug */ = {
			isa = XCBuildConfiguration;
			buildSettings = {
				ALWAYS_SEARCH_USER_PATHS = NO;
				ASSETCATALOG_COMPILER_GENERATE_SWIFT_ASSET_SYMBOL_EXTENSIONS = YES;
				CLANG_ANALYZER_NONNULL = YES;
				CLANG_ANALYZER_NUMBER_OBJECT_CONVERSION = YES_AGGRESSIVE;
				CLANG_CXX_LANGUAGE_STANDARD = "gnu++20";
				CLANG_ENABLE_MODULES = YES;
				CLANG_ENABLE_OBJC_ARC = YES;
				CLANG_ENABLE_OBJC_WEAK = YES;
				CLANG_WARN_BLOCK_CAPTURE_AUTORELEASING = YES;
				CLANG_WARN_BOOL_CONVERSION = YES;
				CLANG_WARN_COMMA = YES;
				CLANG_WARN_CONSTANT_CONVERSION = YES;
				CLANG_WARN_DEPRECATED_OBJC_IMPLEMENTATIONS = YES;
				CLANG_WARN_DIRECT_OBJC_ISA_USAGE = YES_ERROR;
				CLANG_WARN_DOCUMENTATION_COMMENTS = YES;
				CLANG_WARN_EMPTY_BODY = YES;
				CLANG_WARN_ENUM_CONVERSION = YES;
				CLANG_WARN_INFINITE_RECURSION = YES;
				CLANG_WARN_INT_CONVERSION = YES;
				CLANG_WARN_NON_LITERAL_NULL_CONVERSION = YES;
				CLANG_WARN_OBJC_IMPLICIT_RETAIN_SELF = YES;
				CLANG_WARN_OBJC_LITERAL_CONVERSION = YES;
				CLANG_WARN_OBJC_ROOT_CLASS = YES_ERROR;
				CLANG_WARN_QUOTED_INCLUDE_IN_FRAMEWORK_HEADER = YES;
				CLANG_WARN_RANGE_LOOP_ANALYSIS = YES;
				CLANG_WARN_STRICT_PROTOTYPES = YES;
				CLANG_WARN_SUSPICIOUS_MOVE = YES;
				CLANG_WARN_UNGUARDED_AVAILABILITY = YES_AGGRESSIVE;
				CLANG_WARN_UNREACHABLE_CODE = YES;
				CLANG_WARN__DUPLICATE_METHOD_MATCH = YES;
				COPY_PHASE_STRIP = NO;
				DEBUG_INFORMATION_FORMAT = dwarf;
				ENABLE_STRICT_OBJC_MSGSEND = YES;
				ENABLE_TESTABILITY = YES;
				ENABLE_USER_SCRIPT_SANDBOXING = YES;
				GCC_C_LANGUAGE_STANDARD = gnu17;
				GCC_DYNAMIC_NO_PIC = NO;
				GCC_NO_COMMON_BLOCKS = YES;
				GCC_OPTIMIZATION_LEVEL = 0;
				GCC_PREPROCESSOR_DEFINITIONS = (
					"DEBUG=1",
					"$(inherited)",
				);
				GCC_WARN_64_TO_32_BIT_CONVERSION = YES;
				GCC_WARN_ABOUT_RETURN_TYPE = YES_ERROR;
				GCC_WARN_UNDECLARED_SELECTOR = YES;
				GCC_WARN_UNINITIALIZED_AUTOS = YES_AGGRESSIVE;
				GCC_WARN_UNUSED_FUNCTION = YES;
				GCC_WARN_UNUSED_VARIABLE = YES;
				LOCALIZATION_PREFERS_STRING_CATALOGS = YES;
				MACOSX_DEPLOYMENT_TARGET = 26.5;
				MTL_ENABLE_DEBUG_INFO = INCLUDE_SOURCE;
				MTL_FAST_MATH = YES;
				ONLY_ACTIVE_ARCH = YES;
				SDKROOT = macosx;
				SWIFT_ACTIVE_COMPILATION_CONDITIONS = "DEBUG $(inherited)";
				SWIFT_OPTIMIZATION_LEVEL = "-Onone";
			};
			name = Debug;
		};
		A054B0E42FF406F60010B682 /* Release */ = {
			isa = XCBuildConfiguration;
			buildSettings = {
				ALWAYS_SEARCH_USER_PATHS = NO;
				ASSETCATALOG_COMPILER_GENERATE_SWIFT_ASSET_SYMBOL_EXTENSIONS = YES;
				CLANG_ANALYZER_NONNULL = YES;
				CLANG_ANALYZER_NUMBER_OBJECT_CONVERSION = YES_AGGRESSIVE;
				CLANG_CXX_LANGUAGE_STANDARD = "gnu++20";
				CLANG_ENABLE_MODULES = YES;
				CLANG_ENABLE_OBJC_ARC = YES;
				CLANG_ENABLE_OBJC_WEAK = YES;
				CLANG_WARN_BLOCK_CAPTURE_AUTORELEASING = YES;
				CLANG_WARN_BOOL_CONVERSION = YES;
				CLANG_WARN_COMMA = YES;
				CLANG_WARN_CONSTANT_CONVERSION = YES;
				CLANG_WARN_DEPRECATED_OBJC_IMPLEMENTATIONS = YES;
				CLANG_WARN_DIRECT_OBJC_ISA_USAGE = YES_ERROR;
				CLANG_WARN_DOCUMENTATION_COMMENTS = YES;
				CLANG_WARN_EMPTY_BODY = YES;
				CLANG_WARN_ENUM_CONVERSION = YES;
				CLANG_WARN_INFINITE_RECURSION = YES;
				CLANG_WARN_INT_CONVERSION = YES;
				CLANG_WARN_NON_LITERAL_NULL_CONVERSION = YES;
				CLANG_WARN_OBJC_IMPLICIT_RETAIN_SELF = YES;
				CLANG_WARN_OBJC_LITERAL_CONVERSION = YES;
				CLANG_WARN_OBJC_ROOT_CLASS = YES_ERROR;
				CLANG_WARN_QUOTED_INCLUDE_IN_FRAMEWORK_HEADER = YES;
				CLANG_WARN_RANGE_LOOP_ANALYSIS = YES;
				CLANG_WARN_STRICT_PROTOTYPES = YES;
				CLANG_WARN_SUSPICIOUS_MOVE = YES;
				CLANG_WARN_UNGUARDED_AVAILABILITY = YES_AGGRESSIVE;
				CLANG_WARN_UNREACHABLE_CODE = YES;
				CLANG_WARN__DUPLICATE_METHOD_MATCH = YES;
				COPY_PHASE_STRIP = NO;
				DEBUG_INFORMATION_FORMAT = "dwarf-with-dsym";
				ENABLE_NS_ASSERTIONS = NO;
				ENABLE_STRICT_OBJC_MSGSEND = YES;
				ENABLE_USER_SCRIPT_SANDBOXING = YES;
				GCC_C_LANGUAGE_STANDARD = gnu17;
				GCC_NO_COMMON_BLOCKS = YES;
				GCC_WARN_64_TO_32_BIT_CONVERSION = YES;
				GCC_WARN_ABOUT_RETURN_TYPE = YES_ERROR;
				GCC_WARN_UNDECLARED_SELECTOR = YES;
				GCC_WARN_UNINITIALIZED_AUTOS = YES_AGGRESSIVE;
				GCC_WARN_UNUSED_FUNCTION = YES;
				GCC_WARN_UNUSED_VARIABLE = YES;
				LOCALIZATION_PREFERS_STRING_CATALOGS = YES;
				MACOSX_DEPLOYMENT_TARGET = 26.5;
				MTL_ENABLE_DEBUG_INFO = NO;
				MTL_FAST_MATH = YES;
				SDKROOT = macosx;
				SWIFT_COMPILATION_MODE = wholemodule;
			};
			name = Release;
		};
		A054B0E62FF406F60010B682 /* Debug */ = {
			isa = XCBuildConfiguration;
			buildSettings = {
				ASSETCATALOG_COMPILER_APPICON_NAME = AppIcon;
				ASSETCATALOG_COMPILER_GLOBAL_ACCENT_COLOR_NAME = AccentColor;
				ASSETCATALOG_COMPILER_INCLUDE_ALL_APPICON_ASSETS = NO;
				CODE_SIGN_STYLE = Automatic;
				COMBINE_HIDPI_IMAGES = YES;
				CURRENT_PROJECT_VERSION = 1;
				ENABLE_APP_SANDBOX = NO;
				ENABLE_PREVIEWS = YES;
				ENABLE_USER_SELECTED_FILES = readwrite;
				GENERATE_INFOPLIST_FILE = YES;
				INFOPLIST_KEY_NSDesktopFolderUsageDescription = "Load images referenced by your Markdown files on the Desktop.";
				INFOPLIST_KEY_NSDocumentsFolderUsageDescription = "Load images referenced by your Markdown files in Documents.";
				INFOPLIST_KEY_NSDownloadsFolderUsageDescription = "Load images referenced by your Markdown files in Downloads.";
				INFOPLIST_KEY_NSHumanReadableCopyright = "";
				LD_RUNPATH_SEARCH_PATHS = (
					"$(inherited)",
					"@executable_path/../Frameworks",
				);
				MARKETING_VERSION = 1.0;
				PRODUCT_BUNDLE_IDENTIFIER = app.myanmars.MyaeEditor;
				PRODUCT_NAME = "$(TARGET_NAME)";
				REGISTER_APP_GROUPS = YES;
				STRING_CATALOG_GENERATE_SYMBOLS = YES;
				SWIFT_APPROACHABLE_CONCURRENCY = YES;
				SWIFT_DEFAULT_ACTOR_ISOLATION = MainActor;
				SWIFT_EMIT_LOC_STRINGS = YES;
				SWIFT_UPCOMING_FEATURE_MEMBER_IMPORT_VISIBILITY = YES;
				SWIFT_VERSION = 5.0;
			};
			name = Debug;
		};
		A054B0E72FF406F60010B682 /* Release */ = {
			isa = XCBuildConfiguration;
			buildSettings = {
				ASSETCATALOG_COMPILER_APPICON_NAME = AppIcon;
				ASSETCATALOG_COMPILER_GLOBAL_ACCENT_COLOR_NAME = AccentColor;
				ASSETCATALOG_COMPILER_INCLUDE_ALL_APPICON_ASSETS = NO;
				CODE_SIGN_STYLE = Automatic;
				COMBINE_HIDPI_IMAGES = YES;
				CURRENT_PROJECT_VERSION = 1;
				ENABLE_APP_SANDBOX = NO;
				ENABLE_PREVIEWS = YES;
				ENABLE_USER_SELECTED_FILES = readwrite;
				GENERATE_INFOPLIST_FILE = YES;
				INFOPLIST_KEY_NSDesktopFolderUsageDescription = "Load images referenced by your Markdown files on the Desktop.";
				INFOPLIST_KEY_NSDocumentsFolderUsageDescription = "Load images referenced by your Markdown files in Documents.";
				INFOPLIST_KEY_NSDownloadsFolderUsageDescription = "Load images referenced by your Markdown files in Downloads.";
				INFOPLIST_KEY_NSHumanReadableCopyright = "";
				LD_RUNPATH_SEARCH_PATHS = (
					"$(inherited)",
					"@executable_path/../Frameworks",
				);
				MARKETING_VERSION = 1.0;
				PRODUCT_BUNDLE_IDENTIFIER = app.myanmars.MyaeEditor;
				PRODUCT_NAME = "$(TARGET_NAME)";
				REGISTER_APP_GROUPS = YES;
				STRING_CATALOG_GENERATE_SYMBOLS = YES;
				SWIFT_APPROACHABLE_CONCURRENCY = YES;
				SWIFT_DEFAULT_ACTOR_ISOLATION = MainActor;
				SWIFT_EMIT_LOC_STRINGS = YES;
				SWIFT_UPCOMING_FEATURE_MEMBER_IMPORT_VISIBILITY = YES;
				SWIFT_VERSION = 5.0;
			};
			name = Release;
		};
		A054B0E92FF406F60010B682 /* Debug */ = {
			isa = XCBuildConfiguration;
			buildSettings = {
				BUNDLE_LOADER = "$(TEST_HOST)";
				CODE_SIGN_STYLE = Automatic;
				CURRENT_PROJECT_VERSION = 1;
				GENERATE_INFOPLIST_FILE = YES;
				MACOSX_DEPLOYMENT_TARGET = 26.5;
				MARKETING_VERSION = 1.0;
				PRODUCT_BUNDLE_IDENTIFIER = app.myanmars.MyaeEditorTests;
				PRODUCT_NAME = "$(TARGET_NAME)";
				STRING_CATALOG_GENERATE_SYMBOLS = NO;
				SWIFT_APPROACHABLE_CONCURRENCY = YES;
				SWIFT_EMIT_LOC_STRINGS = NO;
				SWIFT_UPCOMING_FEATURE_MEMBER_IMPORT_VISIBILITY = YES;
				SWIFT_VERSION = 5.0;
				TEST_HOST = "$(BUILT_PRODUCTS_DIR)/MyaeEditor.app/$(BUNDLE_EXECUTABLE_FOLDER_PATH)/MyaeEditor";
			};
			name = Debug;
		};
		A054B0EA2FF406F60010B682 /* Release */ = {
			isa = XCBuildConfiguration;
			buildSettings = {
				BUNDLE_LOADER = "$(TEST_HOST)";
				CODE_SIGN_STYLE = Automatic;
				CURRENT_PROJECT_VERSION = 1;
				GENERATE_INFOPLIST_FILE = YES;
				MACOSX_DEPLOYMENT_TARGET = 26.5;
				MARKETING_VERSION = 1.0;
				PRODUCT_BUNDLE_IDENTIFIER = app.myanmars.MyaeEditorTests;
				PRODUCT_NAME = "$(TARGET_NAME)";
				STRING_CATALOG_GENERATE_SYMBOLS = NO;
				SWIFT_APPROACHABLE_CONCURRENCY = YES;
				SWIFT_EMIT_LOC_STRINGS = NO;
				SWIFT_UPCOMING_FEATURE_MEMBER_IMPORT_VISIBILITY = YES;
				SWIFT_VERSION = 5.0;
				TEST_HOST = "$(BUILT_PRODUCTS_DIR)/MyaeEditor.app/$(BUNDLE_EXECUTABLE_FOLDER_PATH)/MyaeEditor";
			};
			name = Release;
		};
		A054B0EC2FF406F60010B682 /* Debug */ = {
			isa = XCBuildConfiguration;
			buildSettings = {
				CODE_SIGN_STYLE = Automatic;
				CURRENT_PROJECT_VERSION = 1;
				GENERATE_INFOPLIST_FILE = YES;
				MARKETING_VERSION = 1.0;
				PRODUCT_BUNDLE_IDENTIFIER = app.myanmars.MyaeEditorUITests;
				PRODUCT_NAME = "$(TARGET_NAME)";
				STRING_CATALOG_GENERATE_SYMBOLS = NO;
				SWIFT_APPROACHABLE_CONCURRENCY = YES;
				SWIFT_EMIT_LOC_STRINGS = NO;
				SWIFT_UPCOMING_FEATURE_MEMBER_IMPORT_VISIBILITY = YES;
				SWIFT_VERSION = 5.0;
				TEST_TARGET_NAME = MyaeEditor;
			};
			name = Debug;
		};
		A054B0ED2FF406F60010B682 /* Release */ = {
			isa = XCBuildConfiguration;
			buildSettings = {
				CODE_SIGN_STYLE = Automatic;
				CURRENT_PROJECT_VERSION = 1;
				GENERATE_INFOPLIST_FILE = YES;
				MARKETING_VERSION = 1.0;
				PRODUCT_BUNDLE_IDENTIFIER = app.myanmars.MyaeEditorUITests;
				PRODUCT_NAME = "$(TARGET_NAME)";
				STRING_CATALOG_GENERATE_SYMBOLS = NO;
				SWIFT_APPROACHABLE_CONCURRENCY = YES;
				SWIFT_EMIT_LOC_STRINGS = NO;
				SWIFT_UPCOMING_FEATURE_MEMBER_IMPORT_VISIBILITY = YES;
				SWIFT_VERSION = 5.0;
				TEST_TARGET_NAME = MyaeEditor;
			};
			name = Release;
		};
/* End XCBuildConfiguration section */

/* Begin XCConfigurationList section */
		A054B0BD2FF406F50010B682 /* Build configuration list for PBXProject "MyaeEditor" */ = {
			isa = XCConfigurationList;
			buildConfigurations = (
				A054B0E32FF406F60010B682 /* Debug */,
				A054B0E42FF406F60010B682 /* Release */,
			);
			defaultConfigurationIsVisible = 0;
			defaultConfigurationName = Release;
		};
		A054B0E52FF406F60010B682 /* Build configuration list for PBXNativeTarget "MyaeEditor" */ = {
			isa = XCConfigurationList;
			buildConfigurations = (
				A054B0E62FF406F60010B682 /* Debug */,
				A054B0E72FF406F60010B682 /* Release */,
			);
			defaultConfigurationIsVisible = 0;
			defaultConfigurationName = Release;
		};
		A054B0E82FF406F60010B682 /* Build configuration list for PBXNativeTarget "MyaeEditorTests" */ = {
			isa = XCConfigurationList;
			buildConfigurations = (
				A054B0E92FF406F60010B682 /* Debug */,
				A054B0EA2FF406F60010B682 /* Release */,
			);
			defaultConfigurationIsVisible = 0;
			defaultConfigurationName = Release;
		};
		A054B0EB2FF406F60010B682 /* Build configuration list for PBXNativeTarget "MyaeEditorUITests" */ = {
			isa = XCConfigurationList;
			buildConfigurations = (
				A054B0EC2FF406F60010B682 /* Debug */,
				A054B0ED2FF406F60010B682 /* Release */,
			);
			defaultConfigurationIsVisible = 0;
			defaultConfigurationName = Release;
		};
/* End XCConfigurationList section */
	};
	rootObject = A054B0BA2FF406F50010B682 /* Project object */;
}
